// !$*UTF8*$!
{
	archiveVersion = 1;
	classes = {
	};
	objectVersion = 46;
	objects = {

/* Begin PBXBuildFile section */
		243EA3751E5A7E6F00C9F68D /* AppDelegate.swift in Sources */ = {isa = PBXBuildFile; fileRef = 243EA3741E5A7E6F00C9F68D /* AppDelegate.swift */; };
		243EA3771E5A7E6F00C9F68D /* ViewController.swift in Sources */ = {isa = PBXBuildFile; fileRef = 243EA3761E5A7E6F00C9F68D /* ViewController.swift */; };
		243EA37A1E5A7E6F00C9F68D /* Main.storyboard in Resources */ = {isa = PBXBuildFile; fileRef = 243EA3781E5A7E6F00C9F68D /* Main.storyboard */; };
		243EA37C1E5A7E6F00C9F68D /* Assets.xcassets in Resources */ = {isa = PBXBuildFile; fileRef = 243EA37B1E5A7E6F00C9F68D /* Assets.xcassets */; };
		243EA37F1E5A7E6F00C9F68D /* LaunchScreen.storyboard in Resources */ = {isa = PBXBuildFile; fileRef = 243EA37D1E5A7E6F00C9F68D /* LaunchScreen.storyboard */; };
		243EA38A1E5A7E6F00C9F68D /* SwiftStudyTest_01Tests.swift in Sources */ = {isa = PBXBuildFile; fileRef = 243EA3891E5A7E6F00C9F68D /* SwiftStudyTest_01Tests.swift */; };
		243EA3951E5A7E6F00C9F68D /* SwiftStudyTest_01UITests.swift in Sources */ = {isa = PBXBuildFile; fileRef = 243EA3941E5A7E6F00C9F68D /* SwiftStudyTest_01UITests.swift */; };
/* End PBXBuildFile section */

/* Begin PBXContainerItemProxy section */
		243EA3861E5A7E6F00C9F68D /* PBXContainerItemProxy */ = {
			isa = PBXContainerItemProxy;
			containerPortal = 243EA3691E5A7E6F00C9F68D /* Project object */;
			proxyType = 1;
			remoteGlobalIDString = 243EA3701E5A7E6F00C9F68D;
			remoteInfo = "SwiftStudyTest-01";
		};
		243EA3911E5A7E6F00C9F68D /* PBXContainerItemProxy */ = {
			isa = PBXContainerItemProxy;
			containerPortal = 243EA3691E5A7E6F00C9F68D /* Project object */;
			proxyType = 1;
			remoteGlobalIDString = 243EA3701E5A7E6F00C9F68D;
			remoteInfo = "SwiftStudyTest-01";
		};
/* End PBXContainerItemProxy section */

/* Begin PBXFileReference section */
		243EA3711E5A7E6F00C9F68D /* SwiftStudyTest-01.app */ = {isa = PBXFileReference; explicitFileType = wrapper.application; includeInIndex = 0; path = "SwiftStudyTest-01.app"; sourceTree = BUILT_PRODUCTS_DIR; };
		243EA3741E5A7E6F00C9F68D /* AppDelegate.swift */ = {isa = PBXFileReference; lastKnownFileType = sourcecode.swift; path = AppDelegate.swift; sourceTree = "<group>"; };
		243EA3761E5A7E6F00C9F68D /* ViewController.swift */ = {isa = PBXFileReference; lastKnownFileType = sourcecode.swift; path = ViewController.swift; sourceTree = "<group>"; };
		243EA3791E5A7E6F00C9F68D /* Base */ = {isa = PBXFileReference; lastKnownFileType = file.storyboard; name = Base; path = Base.lproj/Main.storyboard; sourceTree = "<group>"; };
		243EA37B1E5A7E6F00C9F68D /* Assets.xcassets */ = {isa = PBXFileReference; lastKnownFileType = folder.assetcatalog; path = Assets.xcassets; sourceTree = "<group>"; };
		243EA37E1E5A7E6F00C9F68D /* Base */ = {isa = PBXFileReference; lastKnownFileType = file.storyboard; name = Base; path = Base.lproj/LaunchScreen.storyboard; sourceTree = "<group>"; };
		243EA3801E5A7E6F00C9F68D /* Info.plist */ = {isa = PBXFileReference; lastKnownFileType = text.plist.xml; path = Info.plist; sourceTree = "<group>"; };
		243EA3851E5A7E6F00C9F68D /* SwiftStudyTest-01Tests.xctest */ = {isa = PBXFileReference; explicitFileType = wrapper.cfbundle; includeInIndex = 0; path = "SwiftStudyTest-01Tests.xctest"; sourceTree = BUILT_PRODUCTS_DIR; };
		243EA3891E5A7E6F00C9F68D /* SwiftStudyTest_01Tests.swift */ = {isa = PBXFileReference; lastKnownFileType = sourcecode.swift; path = SwiftStudyTest_01Tests.swift; sourceTree = "<group>"; };
		243EA38B1E5A7E6F00C9F68D /* Info.plist */ = {isa = PBXFileReference; lastKnownFileType = text.plist.xml; path = Info.plist; sourceTree = "<group>"; };
		243EA3901E5A7E6F00C9F68D /* SwiftStudyTest-01UITests.xctest */ = {isa = PBXFileReference; explicitFileType = wrapper.cfbundle; includeInIndex = 0; path = "SwiftStudyTest-01UITests.xctest"; sourceTree = BUILT_PRODUCTS_DIR; };
		243EA3941E5A7E6F00C9F68D /* SwiftStudyTest_01UITests.swift */ = {isa = PBXFileReference; lastKnownFileType = sourcecode.swift; path = SwiftStudyTest_01UITests.swift; sourceTree = "<group>"; };
		243EA3961E5A7E6F00C9F68D /* Info.plist */ = {isa = PBXFileReference; lastKnownFileType = text.plist.xml; path = Info.plist; sourceTree = "<group>"; };
/* End PBXFileReference section */

/* Begin PBXFrameworksBuildPhase section */
		243EA36E1E5A7E6F00C9F68D /* Frameworks */ = {
			isa = PBXFrameworksBuildPhase;
			buildActionMask = 2147483647;
			files = (
			);
			runOnlyForDeploymentPostprocessing = 0;
		};
		243EA3821E5A7E6F00C9F68D /* Frameworks */ = {
			isa = PBXFrameworksBuildPhase;
			buildActionMask = 2147483647;
			files = (
			);
			runOnlyForDeploymentPostprocessing = 0;
		};
		243EA38D1E5A7E6F00C9F68D /* Frameworks */ = {
			isa = PBXFrameworksBuildPhase;
			buildActionMask = 2147483647;
			files = (
			);
			runOnlyForDeploymentPostprocessing = 0;
		};
/* End PBXFrameworksBuildPhase section */

/* Begin PBXGroup section */
		243EA3681E5A7E6F00C9F68D = {
			isa = PBXGroup;
			children = (
				243EA3731E5A7E6F00C9F68D /* SwiftStudyTest-01 */,
				243EA3881E5A7E6F00C9F68D /* SwiftStudyTest-01Tests */,
				243EA3931E5A7E6F00C9F68D /* SwiftStudyTest-01UITests */,
				243EA3721E5A7E6F00C9F68D /* Products */,
			);
			sourceTree = "<group>";
		};
		243EA3721E5A7E6F00C9F68D /* Products */ = {
			isa = PBXGroup;
			children = (
				243EA3711E5A7E6F00C9F68D /* SwiftStudyTest-01.app */,
				243EA3851E5A7E6F00C9F68D /* SwiftStudyTest-01Tests.xctest */,
				243EA3901E5A7E6F00C9F68D /* SwiftStudyTest-01UITests.xctest */,
			);
			name = Products;
			sourceTree = "<group>";
		};
		243EA3731E5A7E6F00C9F68D /* SwiftStudyTest-01 */ = {
			isa = PBXGroup;
			children = (
				243EA3741E5A7E6F00C9F68D /* AppDelegate.swift */,
				243EA3761E5A7E6F00C9F68D /* ViewController.swift */,
				243EA3781E5A7E6F00C9F68D /* Main.storyboard */,
				243EA37B1E5A7E6F00C9F68D /* Assets.xcassets */,
				243EA37D1E5A7E6F00C9F68D /* LaunchScreen.storyboard */,
				243EA3801E5A7E6F00C9F68D /* Info.plist */,
			);
			path = "SwiftStudyTest-01";
			sourceTree = "<group>";
		};
		243EA3881E5A7E6F00C9F68D /* SwiftStudyTest-01Tests */ = {
			isa = PBXGroup;
			children = (
				243EA3891E5A7E6F00C9F68D /* SwiftStudyTest_01Tests.swift */,
				243EA38B1E5A7E6F00C9F68D /* Info.plist */,
			);
			path = "SwiftStudyTest-01Tests";
			sourceTree = "<group>";
		};
		243EA3931E5A7E6F00C9F68D /* SwiftStudyTest-01UITests */ = {
			isa = PBXGroup;
			children = (
				243EA3941E5A7E6F00C9F68D /* SwiftStudyTest_01UITests.swift */,
				243EA3961E5A7E6F00C9F68D /* Info.plist */,
			);
			path = "SwiftStudyTest-01UITests";
			sourceTree = "<group>";
		};
/* End PBXGroup section */

/* Begin PBXNativeTarget section */
		243EA3701E5A7E6F00C9F68D /* SwiftStudyTest-01 */ = {
			isa = PBXNativeTarget;
			buildConfigurationList = 243EA3991E5A7E6F00C9F68D /* Build configuration list for PBXNativeTarget "SwiftStudyTest-01" */;
			buildPhases = (
				243EA36D1E5A7E6F00C9F68D /* Sources */,
				243EA36E1E5A7E6F00C9F68D /* Frameworks */,
				243EA36F1E5A7E6F00C9F68D /* Resources */,
			);
			buildRules = (
			);
			dependencies = (
			);
			name = "SwiftStudyTest-01";
			productName = "SwiftStudyTest-01";
			productReference = 243EA3711E5A7E6F00C9F68D /* SwiftStudyTest-01.app */;
			productType = "com.apple.product-type.application";
		};
		243EA3841E5A7E6F00C9F68D /* SwiftStudyTest-01Tests */ = {
			isa = PBXNativeTarget;
			buildConfigurationList = 243EA39C1E5A7E6F00C9F68D /* Build configuration list for PBXNativeTarget "SwiftStudyTest-01Tests" */;
			buildPhases = (
				243EA3811E5A7E6F00C9F68D /* Sources */,
				243EA3821E5A7E6F00C9F68D /* Frameworks */,
				243EA3831E5A7E6F00C9F68D /* Resources */,
			);
			buildRules = (
			);
			dependencies = (
				243EA3871E5A7E6F00C9F68D /* PBXTargetDependency */,
			);
			name = "SwiftStudyTest-01Tests";
			productName = "SwiftStudyTest-01Tests";
			productReference = 243EA3851E5A7E6F00C9F68D /* SwiftStudyTest-01Tests.xctest */;
			productType = "com.apple.product-type.bundle.unit-test";
		};
		243EA38F1E5A7E6F00C9F68D /* SwiftStudyTest-01UITests */ = {
			isa = PBXNativeTarget;
			buildConfigurationList = 243EA39F1E5A7E6F00C9F68D /* Build configuration list for PBXNativeTarget "SwiftStudyTest-01UITests" */;
			buildPhases = (
				243EA38C1E5A7E6F00C9F68D /* Sources */,
				243EA38D1E5A7E6F00C9F68D /* Frameworks */,
				243EA38E1E5A7E6F00C9F68D /* Resources */,
			);
			buildRules = (
			);
			dependencies = (
				243EA3921E5A7E6F00C9F68D /* PBXTargetDependency */,
			);
			name = "SwiftStudyTest-01UITests";
			productName = "SwiftStudyTest-01UITests";
			productReference = 243EA3901E5A7E6F00C9F68D /* SwiftStudyTest-01UITests.xctest */;
			productType = "com.apple.product-type.bundle.ui-testing";
		};
/* End PBXNativeTarget section */

/* Begin PBXProject section */
		243EA3691E5A7E6F00C9F68D /* Project object */ = {
			isa = PBXProject;
			attributes = {
				LastSwiftUpdateCheck = 0820;
				LastUpgradeCheck = 0820;
				ORGANIZATIONNAME = "毛汉卿";
				TargetAttributes = {
					243EA3701E5A7E6F00C9F68D = {
						CreatedOnToolsVersion = 8.2.1;
						ProvisioningStyle = Automatic;
					};
					243EA3841E5A7E6F00C9F68D = {
						CreatedOnToolsVersion = 8.2.1;
						ProvisioningStyle = Automatic;
						TestTargetID = 243EA3701E5A7E6F00C9F68D;
					};
					243EA38F1E5A7E6F00C9F68D = {
						CreatedOnToolsVersion = 8.2.1;
						ProvisioningStyle = Automatic;
						TestTargetID = 243EA3701E5A7E6F00C9F68D;
					};
				};
			};
			buildConfigurationList = 243EA36C1E5A7E6F00C9F68D /* Build configuration list for PBXProject "SwiftStudyTest-01" */;
			compatibilityVersion = "Xcode 3.2";
			developmentRegion = English;
			hasScannedForEncodings = 0;
			knownRegions = (
				en,
				Base,
			);
			mainGroup = 243EA3681E5A7E6F00C9F68D;
			productRefGroup = 243EA3721E5A7E6F00C9F68D /* Products */;
			projectDirPath = "";
			projectRoot = "";
			targets = (
				243EA3701E5A7E6F00C9F68D /* SwiftStudyTest-01 */,
				243EA3841E5A7E6F00C9F68D /* SwiftStudyTest-01Tests */,
				243EA38F1E5A7E6F00C9F68D /* SwiftStudyTest-01UITests */,
			);
		};
/* End PBXProject section */

/* Begin PBXResourcesBuildPhase section */
		243EA36F1E5A7E6F00C9F68D /* Resources */ = {
			isa = PBXResourcesBuildPhase;
			buildActionMask = 2147483647;
			files = (
				243EA37F1E5A7E6F00C9F68D /* LaunchScreen.storyboard in Resources */,
				243EA37C1E5A7E6F00C9F68D /* Assets.xcassets in Resources */,
				243EA37A1E5A7E6F00C9F68D /* Main.storyboard in Resources */,
			);
			runOnlyForDeploymentPostprocessing = 0;
		};
		243EA3831E5A7E6F00C9F68D /* Resources */ = {
			isa = PBXResourcesBuildPhase;
			buildActionMask = 2147483647;
			files = (
			);
			runOnlyForDeploymentPostprocessing = 0;
		};
		243EA38E1E5A7E6F00C9F68D /* Resources */ = {
			isa = PBXResourcesBuildPhase;
			buildActionMask = 2147483647;
			files = (
			);
			runOnlyForDeploymentPostprocessing = 0;
		};
/* End PBXResourcesBuildPhase section */

/* Begin PBXSourcesBuildPhase section */
		243EA36D1E5A7E6F00C9F68D /* Sources */ = {
			isa = PBXSourcesBuildPhase;
			buildActionMask = 2147483647;
			files = (
				243EA3771E5A7E6F00C9F68D /* ViewController.swift in Sources */,
				243EA3751E5A7E6F00C9F68D /* AppDelegate.swift in Sources */,
			);
			runOnlyForDeploymentPostprocessing = 0;
		};
		243EA3811E5A7E6F00C9F68D /* Sources */ = {
			isa = PBXSourcesBuildPhase;
			buildActionMask = 2147483647;
			files = (
				243EA38A1E5A7E6F00C9F68D /* SwiftStudyTest_01Tests.swift in Sources */,
			);
			runOnlyForDeploymentPostprocessing = 0;
		};
		243EA38C1E5A7E6F00C9F68D /* Sources */ = {
			isa = PBXSourcesBuildPhase;
			buildActionMask = 2147483647;
			files = (
				243EA3951E5A7E6F00C9F68D /* SwiftStudyTest_01UITests.swift in Sources */,
			);
			runOnlyForDeploymentPostprocessing = 0;
		};
/* End PBXSourcesBuildPhase section */

/* Begin PBXTargetDependency section */
		243EA3871E5A7E6F00C9F68D /* PBXTargetDependency */ = {
			isa = PBXTargetDependency;
			target = 243EA3701E5A7E6F00C9F68D /* SwiftStudyTest-01 */;
			targetProxy = 243EA3861E5A7E6F00C9F68D /* PBXContainerItemProxy */;
		};
		243EA3921E5A7E6F00C9F68D /* PBXTargetDependency */ = {
			isa = PBXTargetDependency;
			target = 243EA3701E5A7E6F00C9F68D /* SwiftStudyTest-01 */;
			targetProxy = 243EA3911E5A7E6F00C9F68D /* PBXContainerItemProxy */;
		};
/* End PBXTargetDependency section */

/* Begin PBXVariantGroup section */
		243EA3781E5A7E6F00C9F68D /* Main.storyboard */ = {
			isa = PBXVariantGroup;
			children = (
				243EA3791E5A7E6F00C9F68D /* Base */,
			);
			name = Main.storyboard;
			sourceTree = "<group>";
		};
		243EA37D1E5A7E6F00C9F68D /* LaunchScreen.storyboard */ = {
			isa = PBXVariantGroup;
			children = (
				243EA37E1E5A7E6F00C9F68D /* Base */,
			);
			name = LaunchScreen.storyboard;
			sourceTree = "<group>";
		};
/* End PBXVariantGroup section */

/* Begin XCBuildConfiguration section */
		243EA3971E5A7E6F00C9F68D /* Debug */ = {
			isa = XCBuildConfiguration;
			buildSettings = {
				ALWAYS_SEARCH_USER_PATHS = NO;
				CLANG_ANALYZER_NONNULL = YES;
				CLANG_CXX_LANGUAGE_STANDARD = "gnu++0x";
				CLANG_CXX_LIBRARY = "libc++";
				CLANG_ENABLE_MODULES = YES;
				CLANG_ENABLE_OBJC_ARC = YES;
				CLANG_WARN_BOOL_CONVERSION = YES;
				CLANG_WARN_CONSTANT_CONVERSION = YES;
				CLANG_WARN_DIRECT_OBJC_ISA_USAGE = YES_ERROR;
				CLANG_WARN_DOCUMENTATION_COMMENTS = YES;
				CLANG_WARN_EMPTY_BODY = YES;
				CLANG_WARN_ENUM_CONVERSION = YES;
				CLANG_WARN_INFINITE_RECURSION = YES;
				CLANG_WARN_INT_CONVERSION = YES;
				CLANG_WARN_OBJC_ROOT_CLASS = YES_ERROR;
				CLANG_WARN_SUSPICIOUS_MOVE = YES;
				CLANG_WARN_UNREACHABLE_CODE = YES;
				CLANG_WARN__DUPLICATE_METHOD_MATCH = YES;
				"CODE_SIGN_IDENTITY[sdk=iphoneos*]" = "iPhone Developer";
				COPY_PHASE_STRIP = NO;
				DEBUG_INFORMATION_FORMAT = dwarf;
				ENABLE_STRICT_OBJC_MSGSEND = YES;
				ENABLE_TESTABILITY = YES;
				GCC_C_LANGUAGE_STANDARD = gnu99;
				GCC_DYNAMIC_NO_PIC = NO;
				GCC_NO_COMMON_BLOCKS = YES;
				GCC_OPTIMIZATION_LEVEL = 0;
				GCC_PREPROCESSOR_DEFINITIONS = (
					"DEBUG=1",
					"$(inherited)",
				);
				GCC_WARN_64_TO_32_BIT_CONVERSION = YES;
				GCC_WARN_ABOUT_RETURN_TYPE = YES_ERROR;
				GCC_WARN_UNDECLARED_SELECTOR = YES;
				GCC_WARN_UNINITIALIZED_AUTOS = YES_AGGRESSIVE;
				GCC_WARN_UNUSED_FUNCTION = YES;
				GCC_WARN_UNUSED_VARIABLE = YES;
				IPHONEOS_DEPLOYMENT_TARGET = 10.2;
				MTL_ENABLE_DEBUG_INFO = YES;
				ONLY_ACTIVE_ARCH = YES;
				SDKROOT = iphoneos;
				SWIFT_ACTIVE_COMPILATION_CONDITIONS = DEBUG;
				SWIFT_OPTIMIZATION_LEVEL = "-Onone";
				TARGETED_DEVICE_FAMILY = "1,2";
			};
			name = Debug;
		};
		243EA3981E5A7E6F00C9F68D /* Release */ = {
			isa = XCBuildConfiguration;
			buildSettings = {
				ALWAYS_SEARCH_USER_PATHS = NO;
				CLANG_ANALYZER_NONNULL = YES;
				CLANG_CXX_LANGUAGE_STANDARD = "gnu++0x";
				CLANG_CXX_LIBRARY = "libc++";
				CLANG_ENABLE_MODULES = YES;
				CLANG_ENABLE_OBJC_ARC = YES;
				CLANG_WARN_BOOL_CONVERSION = YES;
				CLANG_WARN_CONSTANT_CONVERSION = YES;
				CLANG_WARN_DIRECT_OBJC_ISA_USAGE = YES_ERROR;
				CLANG_WARN_DOCUMENTATION_COMMENTS = YES;
				CLANG_WARN_EMPTY_BODY = YES;
				CLANG_WARN_ENUM_CONVERSION = YES;
				CLANG_WARN_INFINITE_RECURSION = YES;
				CLANG_WARN_INT_CONVERSION = YES;
				CLANG_WARN_OBJC_ROOT_CLASS = YES_ERROR;
				CLANG_WARN_SUSPICIOUS_MOVE = YES;
				CLANG_WARN_UNREACHABLE_CODE = YES;
				CLANG_WARN__DUPLICATE_METHOD_MATCH = YES;
				"CODE_SIGN_IDENTITY[sdk=iphoneos*]" = "iPhone Developer";
				COPY_PHASE_STRIP = NO;
				DEBUG_INFORMATION_FORMAT = "dwarf-with-dsym";
				ENABLE_NS_ASSERTIONS = NO;
				ENABLE_STRICT_OBJC_MSGSEND = YES;
				GCC_C_LANGUAGE_STANDARD = gnu99;
				GCC_NO_COMMON_BLOCKS = YES;
				GCC_WARN_64_TO_32_BIT_CONVERSION = YES;
				GCC_WARN_ABOUT_RETURN_TYPE = YES_ERROR;
				GCC_WARN_UNDECLARED_SELECTOR = YES;
				GCC_WARN_UNINITIALIZED_AUTOS = YES_AGGRESSIVE;
				GCC_WARN_UNUSED_FUNCTION = YES;
				GCC_WARN_UNUSED_VARIABLE = YES;
				IPHONEOS_DEPLOYMENT_TARGET = 10.2;
				MTL_ENABLE_DEBUG_INFO = NO;
				SDKROOT = iphoneos;
				SWIFT_OPTIMIZATION_LEVEL = "-Owholemodule";
				TARGETED_DEVICE_FAMILY = "1,2";
				VALIDATE_PRODUCT = YES;
			};
			name = Release;
		};
		243EA39A1E5A7E6F00C9F68D /* Debug */ = {
			isa = XCBuildConfiguration;
			buildSettings = {
				ASSETCATALOG_COMPILER_APPICON_NAME = AppIcon;
				INFOPLIST_FILE = "SwiftStudyTest-01/Info.plist";
				LD_RUNPATH_SEARCH_PATHS = "$(inherited) @executable_path/Frameworks";
				PRODUCT_BUNDLE_IDENTIFIER = "com.SwiftStudyTest-01";
				PRODUCT_NAME = "$(TARGET_NAME)";
				SWIFT_VERSION = 3.0;
			};
			name = Debug;
		};
		243EA39B1E5A7E6F00C9F68D /* Release */ = {
			isa = XCBuildConfiguration;
			buildSettings = {
				ASSETCATALOG_COMPILER_APPICON_NAME = AppIcon;
				INFOPLIST_FILE = "SwiftStudyTest-01/Info.plist";
				LD_RUNPATH_SEARCH_PATHS = "$(inherited) @executable_path/Frameworks";
				PRODUCT_BUNDLE_IDENTIFIER = "com.SwiftStudyTest-01";
				PRODUCT_NAME = "$(TARGET_NAME)";
				SWIFT_VERSION = 3.0;
			};
			name = Release;
		};
		243EA39D1E5A7E6F00C9F68D /* Debug */ = {
			isa = XCBuildConfiguration;
			buildSettings = {
				ALWAYS_EMBED_SWIFT_STANDARD_LIBRARIES = YES;
				BUNDLE_LOADER = "$(TEST_HOST)";
				INFOPLIST_FILE = "SwiftStudyTest-01Tests/Info.plist";
				LD_RUNPATH_SEARCH_PATHS = "$(inherited) @executable_path/Frameworks @loader_path/Frameworks";
				PRODUCT_BUNDLE_IDENTIFIER = "com.SwiftStudyTest-01Tests";
				PRODUCT_NAME = "$(TARGET_NAME)";
				SWIFT_VERSION = 3.0;
				TEST_HOST = "$(BUILT_PRODUCTS_DIR)/SwiftStudyTest-01.app/SwiftStudyTest-01";
			};
			name = Debug;
		};
		243EA39E1E5A7E6F00C9F68D /* Release */ = {
			isa = XCBuildConfiguration;
			buildSettings = {
				ALWAYS_EMBED_SWIFT_STANDARD_LIBRARIES = YES;
				BUNDLE_LOADER = "$(TEST_HOST)";
				INFOPLIST_FILE = "SwiftStudyTest-01Tests/Info.plist";
				LD_RUNPATH_SEARCH_PATHS = "$(inherited) @executable_path/Frameworks @loader_path/Frameworks";
				PRODUCT_BUNDLE_IDENTIFIER = "com.SwiftStudyTest-01Tests";
				PRODUCT_NAME = "$(TARGET_NAME)";
				SWIFT_VERSION = 3.0;
				TEST_HOST = "$(BUILT_PRODUCTS_DIR)/SwiftStudyTest-01.app/SwiftStudyTest-01";
			};
			name = Release;
		};
		243EA3A01E5A7E6F00C9F68D /* Debug */ = {
			isa = XCBuildConfiguration;
			buildSettings = {
				ALWAYS_EMBED_SWIFT_STANDARD_LIBRARIES = YES;
				INFOPLIST_FILE = "SwiftStudyTest-01UITests/Info.plist";
				LD_RUNPATH_SEARCH_PATHS = "$(inherited) @executable_path/Frameworks @loader_path/Frameworks";
				PRODUCT_BUNDLE_IDENTIFIER = "com.SwiftStudyTest-01UITests";
				PRODUCT_NAME = "$(TARGET_NAME)";
				SWIFT_VERSION = 3.0;
				TEST_TARGET_NAME = "SwiftStudyTest-01";
			};
			name = Debug;
		};
		243EA3A11E5A7E6F00C9F68D /* Release */ = {
			isa = XCBuildConfiguration;
			buildSettings = {
				ALWAYS_EMBED_SWIFT_STANDARD_LIBRARIES = YES;
				INFOPLIST_FILE = "SwiftStudyTest-01UITests/Info.plist";
				LD_RUNPATH_SEARCH_PATHS = "$(inherited) @executable_path/Frameworks @loader_path/Frameworks";
				PRODUCT_BUNDLE_IDENTIFIER = "com.SwiftStudyTest-01UITests";
				PRODUCT_NAME = "$(TARGET_NAME)";
				SWIFT_VERSION = 3.0;
				TEST_TARGET_NAME = "SwiftStudyTest-01";
			};
			name = Release;
		};
/* End XCBuildConfiguration section */

/* Begin XCConfigurationList section */
		243EA36C1E5A7E6F00C9F68D /* Build configuration list for PBXProject "SwiftStudyTest-01" */ = {
			isa = XCConfigurationList;
			buildConfigurations = (
				243EA3971E5A7E6F00C9F68D /* Debug */,
				243EA3981E5A7E6F00C9F68D /* Release */,
			);
			defaultConfigurationIsVisible = 0;
			defaultConfigurationName = Release;
		};
		243EA3991E5A7E6F00C9F68D /* Build configuration list for PBXNativeTarget "SwiftStudyTest-01" */ = {
			isa = XCConfigurationList;
			buildConfigurations = (
				243EA39A1E5A7E6F00C9F68D /* Debug */,
				243EA39B1E5A7E6F00C9F68D /* Release */,
			);
			defaultConfigurationIsVisible = 0;
		};
		243EA39C1E5A7E6F00C9F68D /* Build configuration list for PBXNativeTarget "SwiftStudyTest-01Tests" */ = {
			isa = XCConfigurationList;
			buildConfigurations = (
				243EA39D1E5A7E6F00C9F68D /* Debug */,
				243EA39E1E5A7E6F00C9F68D /* Release */,
			);
			defaultConfigurationIsVisible = 0;
		};
		243EA39F1E5A7E6F00C9F68D /* Build configuration list for PBXNativeTarget "SwiftStudyTest-01UITests" */ = {
			isa = XCConfigurationList;
			buildConfigurations = (
				243EA3A01E5A7E6F00C9F68D /* Debug */,
				243EA3A11E5A7E6F00C9F68D /* Release */,
			);
			defaultConfigurationIsVisible = 0;
		};
/* End XCConfigurationList section */
	};
	rootObject = 243EA3691E5A7E6F00C9F68D /* Project object */;
}
